// !$*UTF8*$!
{
	archiveVersion = 1;
	classes = {
	};
	objectVersion = 50;
	objects = {

/* Begin PBXBuildFile section */
		B51F3C162454130300857D3E /* AppDelegate.swift in Sources */ = {isa = PBXBuildFile; fileRef = B51F3C152454130300857D3E /* AppDelegate.swift */; };
		B51F3C182454130300857D3E /* SceneDelegate.swift in Sources */ = {isa = PBXBuildFile; fileRef = B51F3C172454130300857D3E /* SceneDelegate.swift */; };
		B51F3C1A2454130300857D3E /* ContentView.swift in Sources */ = {isa = PBXBuildFile; fileRef = B51F3C192454130300857D3E /* ContentView.swift */; };
		B51F3C1C2454130B00857D3E /* Assets.xcassets in Resources */ = {isa = PBXBuildFile; fileRef = B51F3C1B2454130B00857D3E /* Assets.xcassets */; };
		B51F3C1F2454130B00857D3E /* Preview Assets.xcassets in Resources */ = {isa = PBXBuildFile; fileRef = B51F3C1E2454130B00857D3E /* Preview Assets.xcassets */; };
		B51F3C222454130B00857D3E /* LaunchScreen.storyboard in Resources */ = {isa = PBXBuildFile; fileRef = B51F3C202454130B00857D3E /* LaunchScreen.storyboard */; };
		B51F3C2B24541C3C00857D3E /* missions.json in Resources */ = {isa = PBXBuildFile; fileRef = B51F3C2924541C3C00857D3E /* missions.json */; };
		B51F3C2C24541C3C00857D3E /* astronauts.json in Resources */ = {isa = PBXBuildFile; fileRef = B51F3C2A24541C3C00857D3E /* astronauts.json */; };
		B51F3C2E24541C9A00857D3E /* Astronaut.swift in Sources */ = {isa = PBXBuildFile; fileRef = B51F3C2D24541C9A00857D3E /* Astronaut.swift */; };
		B51F3C3024541CF900857D3E /* Bundle-Decodable.swift in Sources */ = {isa = PBXBuildFile; fileRef = B51F3C2F24541CF900857D3E /* Bundle-Decodable.swift */; };
		B51F3C3224541E6900857D3E /* Mission.swift in Sources */ = {isa = PBXBuildFile; fileRef = B51F3C3124541E6900857D3E /* Mission.swift */; };
		B5C93B0124542AF90009317A /* MissionView.swift in Sources */ = {isa = PBXBuildFile; fileRef = B5C93B0024542AF90009317A /* MissionView.swift */; };
		B5C93B03245430870009317A /* AstronautView.swift in Sources */ = {isa = PBXBuildFile; fileRef = B5C93B02245430870009317A /* AstronautView.swift */; };
/* End PBXBuildFile section */

/* Begin PBXFileReference section */
		B51F3C122454130300857D3E /* Moonshot.app */ = {isa = PBXFileReference; explicitFileType = wrapper.application; includeInIndex = 0; path = Moonshot.app; sourceTree = BUILT_PRODUCTS_DIR; };
		B51F3C152454130300857D3E /* AppDelegate.swift */ = {isa = PBXFileReference; lastKnownFileType = sourcecode.swift; path = AppDelegate.swift; sourceTree = "<group>"; };
		B51F3C172454130300857D3E /* SceneDelegate.swift */ = {isa = PBXFileReference; lastKnownFileType = sourcecode.swift; path = SceneDelegate.swift; sourceTree = "<group>"; };
		B51F3C192454130300857D3E /* ContentView.swift */ = {isa = PBXFileReference; lastKnownFileType = sourcecode.swift; path = ContentView.swift; sourceTree = "<group>"; };
		B51F3C1B2454130B00857D3E /* Assets.xcassets */ = {isa = PBXFileReference; lastKnownFileType = folder.assetcatalog; path = Assets.xcassets; sourceTree = "<group>"; };
		B51F3C1E2454130B00857D3E /* Preview Assets.xcassets */ = {isa = PBXFileReference; lastKnownFileType = folder.assetcatalog; path = "Preview Assets.xcassets"; sourceTree = "<group>"; };
		B51F3C212454130B00857D3E /* Base */ = {isa = PBXFileReference; lastKnownFileType = file.storyboard; name = Base; path = Base.lproj/LaunchScreen.storyboard; sourceTree = "<group>"; };
		B51F3C232454130B00857D3E /* Info.plist */ = {isa = PBXFileReference; lastKnownFileType = text.plist.xml; path = Info.plist; sourceTree = "<group>"; };
		B51F3C2924541C3C00857D3E /* missions.json */ = {isa = PBXFileReference; fileEncoding = 4; lastKnownFileType = text.json; path = missions.json; sourceTree = "<group>"; };
		B51F3C2A24541C3C00857D3E /* astronauts.json */ = {isa = PBXFileReference; fileEncoding = 4; lastKnownFileType = text.json; path = astronauts.json; sourceTree = "<group>"; };
		B51F3C2D24541C9A00857D3E /* Astronaut.swift */ = {isa = PBXFileReference; lastKnownFileType = sourcecode.swift; path = Astronaut.swift; sourceTree = "<group>"; };
		B51F3C2F24541CF900857D3E /* Bundle-Decodable.swift */ = {isa = PBXFileReference; lastKnownFileType = sourcecode.swift; path = "Bundle-Decodable.swift"; sourceTree = "<group>"; };
		B51F3C3124541E6900857D3E /* Mission.swift */ = {isa = PBXFileReference; lastKnownFileType = sourcecode.swift; path = Mission.swift; sourceTree = "<group>"; };
		B5C93B0024542AF90009317A /* MissionView.swift */ = {isa = PBXFileReference; lastKnownFileType = sourcecode.swift; path = MissionView.swift; sourceTree = "<group>"; };
		B5C93B02245430870009317A /* AstronautView.swift */ = {isa = PBXFileReference; lastKnownFileType = sourcecode.swift; path = AstronautView.swift; sourceTree = "<group>"; };
/* End PBXFileReference section */

/* Begin PBXFrameworksBuildPhase section */
		B51F3C0F2454130300857D3E /* Frameworks */ = {
			isa = PBXFrameworksBuildPhase;
			buildActionMask = 2147483647;
			files = (
			);
			runOnlyForDeploymentPostprocessing = 0;
		};
/* End PBXFrameworksBuildPhase section */

/* Begin PBXGroup section */
		B51F3C092454130200857D3E = {
			isa = PBXGroup;
			children = (
				B51F3C142454130300857D3E /* Moonshot */,
				B51F3C132454130300857D3E /* Products */,
			);
			sourceTree = "<group>";
		};
		B51F3C132454130300857D3E /* Products */ = {
			isa = PBXGroup;
			children = (
				B51F3C122454130300857D3E /* Moonshot.app */,
			);
			name = Products;
			sourceTree = "<group>";
		};
		B51F3C142454130300857D3E /* Moonshot */ = {
			isa = PBXGroup;
			children = (
				B51F3C152454130300857D3E /* AppDelegate.swift */,
				B51F3C172454130300857D3E /* SceneDelegate.swift */,
				B51F3C192454130300857D3E /* ContentView.swift */,
				B5C93B0024542AF90009317A /* MissionView.swift */,
				B5C93B02245430870009317A /* AstronautView.swift */,
				B51F3C1B2454130B00857D3E /* Assets.xcassets */,
				B51F3C202454130B00857D3E /* LaunchScreen.storyboard */,
				B51F3C232454130B00857D3E /* Info.plist */,
				B51F3C2A24541C3C00857D3E /* astronauts.json */,
				B51F3C2924541C3C00857D3E /* missions.json */,
				B51F3C1D2454130B00857D3E /* Preview Content */,
				B51F3C2D24541C9A00857D3E /* Astronaut.swift */,
				B51F3C2F24541CF900857D3E /* Bundle-Decodable.swift */,
				B51F3C3124541E6900857D3E /* Mission.swift */,
			);
			path = Moonshot;
			sourceTree = "<group>";
		};
		B51F3C1D2454130B00857D3E /* Preview Content */ = {
			isa = PBXGroup;
			children = (
				B51F3C1E2454130B00857D3E /* Preview Assets.xcassets */,
			);
			path = "Preview Content";
			sourceTree = "<group>";
		};
/* End PBXGroup section */

/* Begin PBXNativeTarget section */
		B51F3C112454130300857D3E /* Moonshot */ = {
			isa = PBXNativeTarget;
			buildConfigurationList = B51F3C262454130B00857D3E /* Build configuration list for PBXNativeTarget "Moonshot" */;
			buildPhases = (
				B51F3C0E2454130300857D3E /* Sources */,
				B51F3C0F2454130300857D3E /* Frameworks */,
				B51F3C102454130300857D3E /* Resources */,
			);
			buildRules = (
			);
			dependencies = (
			);
			name = Moonshot;
			productName = Moonshot;
			productReference = B51F3C122454130300857D3E /* Moonshot.app */;
			productType = "com.apple.product-type.application";
		};
/* End PBXNativeTarget section */

/* Begin PBXProject section */
		B51F3C0A2454130200857D3E /* Project object */ = {
			isa = PBXProject;
			attributes = {
				LastSwiftUpdateCheck = 1140;
				LastUpgradeCheck = 1140;
				ORGANIZATIONNAME = "Developer Maris";
				TargetAttributes = {
					B51F3C112454130300857D3E = {
						CreatedOnToolsVersion = 11.4;
					};
				};
			};
			buildConfigurationList = B51F3C0D2454130200857D3E /* Build configuration list for PBXProject "Moonshot" */;
			compatibilityVersion = "Xcode 9.3";
			developmentRegion = en;
			hasScannedForEncodings = 0;
			knownRegions = (
				en,
				Base,
			);
			mainGroup = B51F3C092454130200857D3E;
			productRefGroup = B51F3C132454130300857D3E /* Products */;
			projectDirPath = "";
			projectRoot = "";
			targets = (
				B51F3C112454130300857D3E /* Moonshot */,
			);
		};
/* End PBXProject section */

/* Begin PBXResourcesBuildPhase section */
		B51F3C102454130300857D3E /* Resources */ = {
			isa = PBXResourcesBuildPhase;
			buildActionMask = 2147483647;
			files = (
				B51F3C222454130B00857D3E /* LaunchScreen.storyboard in Resources */,
				B51F3C1F2454130B00857D3E /* Preview Assets.xcassets in Resources */,
				B51F3C2B24541C3C00857D3E /* missions.json in Resources */,
				B51F3C2C24541C3C00857D3E /* astronauts.json in Resources */,
				B51F3C1C2454130B00857D3E /* Assets.xcassets in Resources */,
			);
			runOnlyForDeploymentPostprocessing = 0;
		};
/* End PBXResourcesBuildPhase section */

/* Begin PBXSourcesBuildPhase section */
		B51F3C0E2454130300857D3E /* Sources */ = {
			isa = PBXSourcesBuildPhase;
			buildActionMask = 2147483647;
			files = (
				B5C93B0124542AF90009317A /* MissionView.swift in Sources */,
				B51F3C3224541E6900857D3E /* Mission.swift in Sources */,
				B5C93B03245430870009317A /* AstronautView.swift in Sources */,
				B51F3C162454130300857D3E /* AppDelegate.swift in Sources */,
				B51F3C182454130300857D3E /* SceneDelegate.swift in Sources */,
				B51F3C3024541CF900857D3E /* Bundle-Decodable.swift in Sources */,
				B51F3C1A2454130300857D3E /* ContentView.swift in Sources */,
				B51F3C2E24541C9A00857D3E /* Astronaut.swift in Sources */,
			);
			runOnlyForDeploymentPostprocessing = 0;
		};
/* End PBXSourcesBuildPhase section */

/* Begin PBXVariantGroup section */
		B51F3C202454130B00857D3E /* LaunchScreen.storyboard */ = {
			isa = PBXVariantGroup;
			children = (
				B51F3C212454130B00857D3E /* Base */,
			);
			name = LaunchScreen.storyboard;
			sourceTree = "<group>";
		};
/* End PBXVariantGroup section */

/* Begin XCBuildConfiguration section */
		B51F3C242454130B00857D3E /* Debug */ = {
			isa = XCBuildConfiguration;
			buildSettings = {
				ALWAYS_SEARCH_USER_PATHS = NO;
				CLANG_ANALYZER_NONNULL = YES;
				CLANG_ANALYZER_NUMBER_OBJECT_CONVERSION = YES_AGGRESSIVE;
				CLANG_CXX_LANGUAGE_STANDARD = "gnu++14";
				CLANG_CXX_LIBRARY = "libc++";
				CLANG_ENABLE_MODULES = YES;
				CLANG_ENABLE_OBJC_ARC = YES;
				CLANG_ENABLE_OBJC_WEAK = YES;
				CLANG_WARN_BLOCK_CAPTURE_AUTORELEASING = YES;
				CLANG_WARN_BOOL_CONVERSION = YES;
				CLANG_WARN_COMMA = YES;
				CLANG_WARN_CONSTANT_CONVERSION = YES;
				CLANG_WARN_DEPRECATED_OBJC_IMPLEMENTATIONS = YES;
				CLANG_WARN_DIRECT_OBJC_ISA_USAGE = YES_ERROR;
				CLANG_WARN_DOCUMENTATION_COMMENTS = YES;
				CLANG_WARN_EMPTY_BODY = YES;
				CLANG_WARN_ENUM_CONVERSION = YES;
				CLANG_WARN_INFINITE_RECURSION = YES;
				CLANG_WARN_INT_CONVERSION = YES;
				CLANG_WARN_NON_LITERAL_NULL_CONVERSION = YES;
				CLANG_WARN_OBJC_IMPLICIT_RETAIN_SELF = YES;
				CLANG_WARN_OBJC_LITERAL_CONVERSION = YES;
				CLANG_WARN_OBJC_ROOT_CLASS = YES_ERROR;
				CLANG_WARN_RANGE_LOOP_ANALYSIS = YES;
				CLANG_WARN_STRICT_PROTOTYPES = YES;
				CLANG_WARN_SUSPICIOUS_MOVE = YES;
				CLANG_WARN_UNGUARDED_AVAILABILITY = YES_AGGRESSIVE;
				CLANG_WARN_UNREACHABLE_CODE = YES;
				CLANG_WARN__DUPLICATE_METHOD_MATCH = YES;
				COPY_PHASE_STRIP = NO;
				DEBUG_INFORMATION_FORMAT = dwarf;
				ENABLE_STRICT_OBJC_MSGSEND = YES;
				ENABLE_TESTABILITY = YES;
				GCC_C_LANGUAGE_STANDARD = gnu11;
				GCC_DYNAMIC_NO_PIC = NO;
				GCC_NO_COMMON_BLOCKS = YES;
				GCC_OPTIMIZATION_LEVEL = 0;
				GCC_PREPROCESSOR_DEFINITIONS = (
					"DEBUG=1",
					"$(inherited)",
				);
				GCC_WARN_64_TO_32_BIT_CONVERSION = YES;
				GCC_WARN_ABOUT_RETURN_TYPE = YES_ERROR;
				GCC_WARN_UNDECLARED_SELECTOR = YES;
				GCC_WARN_UNINITIALIZED_AUTOS = YES_AGGRESSIVE;
				GCC_WARN_UNUSED_FUNCTION = YES;
				GCC_WARN_UNUSED_VARIABLE = YES;
				IPHONEOS_DEPLOYMENT_TARGET = 13.4;
				MTL_ENABLE_DEBUG_INFO = INCLUDE_SOURCE;
				MTL_FAST_MATH = YES;
				ONLY_ACTIVE_ARCH = YES;
				SDKROOT = iphoneos;
				SWIFT_ACTIVE_COMPILATION_CONDITIONS = DEBUG;
				SWIFT_OPTIMIZATION_LEVEL = "-Onone";
			};
			name = Debug;
		};
		B51F3C252454130B00857D3E /* Release */ = {
			isa = XCBuildConfiguration;
			buildSettings = {
				ALWAYS_SEARCH_USER_PATHS = NO;
				CLANG_ANALYZER_NONNULL = YES;
				CLANG_ANALYZER_NUMBER_OBJECT_CONVERSION = YES_AGGRESSIVE;
				CLANG_CXX_LANGUAGE_STANDARD = "gnu++14";
				CLANG_CXX_LIBRARY = "libc++";
				CLANG_ENABLE_MODULES = YES;
				CLANG_ENABLE_OBJC_ARC = YES;
				CLANG_ENABLE_OBJC_WEAK = YES;
				CLANG_WARN_BLOCK_CAPTURE_AUTORELEASING = YES;
				CLANG_WARN_BOOL_CONVERSION = YES;
				CLANG_WARN_COMMA = YES;
				CLANG_WARN_CONSTANT_CONVERSION = YES;
				CLANG_WARN_DEPRECATED_OBJC_IMPLEMENTATIONS = YES;
				CLANG_WARN_DIRECT_OBJC_ISA_USAGE = YES_ERROR;
				CLANG_WARN_DOCUMENTATION_COMMENTS = YES;
				CLANG_WARN_EMPTY_BODY = YES;
				CLANG_WARN_ENUM_CONVERSION = YES;
				CLANG_WARN_INFINITE_RECURSION = YES;
				CLANG_WARN_INT_CONVERSION = YES;
				CLANG_WARN_NON_LITERAL_NULL_CONVERSION = YES;
				CLANG_WARN_OBJC_IMPLICIT_RETAIN_SELF = YES;
				CLANG_WARN_OBJC_LITERAL_CONVERSION = YES;
				CLANG_WARN_OBJC_ROOT_CLASS = YES_ERROR;
				CLANG_WARN_RANGE_LOOP_ANALYSIS = YES;
				CLANG_WARN_STRICT_PROTOTYPES = YES;
				CLANG_WARN_SUSPICIOUS_MOVE = YES;
				CLANG_WARN_UNGUARDED_AVAILABILITY = YES_AGGRESSIVE;
				CLANG_WARN_UNREACHABLE_CODE = YES;
				CLANG_WARN__DUPLICATE_METHOD_MATCH = YES;
				COPY_PHASE_STRIP = NO;
				DEBUG_INFORMATION_FORMAT = "dwarf-with-dsym";
				ENABLE_NS_ASSERTIONS = NO;
				ENABLE_STRICT_OBJC_MSGSEND = YES;
				GCC_C_LANGUAGE_STANDARD = gnu11;
				GCC_NO_COMMON_BLOCKS = YES;
				GCC_WARN_64_TO_32_BIT_CONVERSION = YES;
				GCC_WARN_ABOUT_RETURN_TYPE = YES_ERROR;
				GCC_WARN_UNDECLARED_SELECTOR = YES;
				GCC_WARN_UNINITIALIZED_AUTOS = YES_AGGRESSIVE;
				GCC_WARN_UNUSED_FUNCTION = YES;
				GCC_WARN_UNUSED_VARIABLE = YES;
				IPHONEOS_DEPLOYMENT_TARGET = 13.4;
				MTL_ENABLE_DEBUG_INFO = NO;
				MTL_FAST_MATH = YES;
				SDKROOT = iphoneos;
				SWIFT_COMPILATION_MODE = wholemodule;
				SWIFT_OPTIMIZATION_LEVEL = "-O";
				VALIDATE_PRODUCT = YES;
			};
			name = Release;
		};
		B51F3C272454130B00857D3E /* Debug */ = {
			isa = XCBuildConfiguration;
			buildSettings = {
				ASSETCATALOG_COMPILER_APPICON_NAME = AppIcon;
				CODE_SIGN_STYLE = Automatic;
				DEVELOPMENT_ASSET_PATHS = "\"Moonshot/Preview Content\"";
				DEVELOPMENT_TEAM = MK8LW573WY;
				ENABLE_PREVIEWS = YES;
				INFOPLIST_FILE = Moonshot/Info.plist;
				LD_RUNPATH_SEARCH_PATHS = (
					"$(inherited)",
					"@executable_path/Frameworks",
				);
				PRODUCT_BUNDLE_IDENTIFIER = com.developermaris.Moonshot;
				PRODUCT_NAME = "$(TARGET_NAME)";
				SWIFT_VERSION = 5.0;
				TARGETED_DEVICE_FAMILY = "1,2";
			};
			name = Debug;
		};
		B51F3C282454130B00857D3E /* Release */ = {
			isa = XCBuildConfiguration;
			buildSettings = {
				ASSETCATALOG_COMPILER_APPICON_NAME = AppIcon;
				CODE_SIGN_STYLE = Automatic;
				DEVELOPMENT_ASSET_PATHS = "\"Moonshot/Preview Content\"";
				DEVELOPMENT_TEAM = MK8LW573WY;
				ENABLE_PREVIEWS = YES;
				INFOPLIST_FILE = Moonshot/Info.plist;
				LD_RUNPATH_SEARCH_PATHS = (
					"$(inherited)",
					"@executable_path/Frameworks",
				);
				PRODUCT_BUNDLE_IDENTIFIER = com.developermaris.Moonshot;
				PRODUCT_NAME = "$(TARGET_NAME)";
				SWIFT_VERSION = 5.0;
				TARGETED_DEVICE_FAMILY = "1,2";
			};
			name = Release;
		};
/* End XCBuildConfiguration section */

/* Begin XCConfigurationList section */
		B51F3C0D2454130200857D3E /* Build configuration list for PBXProject "Moonshot" */ = {
			isa = XCConfigurationList;
			buildConfigurations = (
				B51F3C242454130B00857D3E /* Debug */,
				B51F3C252454130B00857D3E /* Release */,
			);
			defaultConfigurationIsVisible = 0;
			defaultConfigurationName = Release;
		};
		B51F3C262454130B00857D3E /* Build configuration list for PBXNativeTarget "Moonshot" */ = {
			isa = XCConfigurationList;
			buildConfigurations = (
				B51F3C272454130B00857D3E /* Debug */,
				B51F3C282454130B00857D3E /* Release */,
			);
			defaultConfigurationIsVisible = 0;
			defaultConfigurationName = Release;
		};
/* End XCConfigurationList section */
	};
	rootObject = B51F3C0A2454130200857D3E /* Project object */;
}
